
Microsoft Visual Studio Solution File, Format Version 12.00
# Visual Studio Version 17
VisualStudioVersion = 17.8.34330.188
MinimumVisualStudioVersion = 10.0.40219.1
Project("{FAE04EC0-301F-11D3-BF4B-00C04F79EFBC}") = "AS.WebApiServices", "AS.WebApiServices\AS.WebApiServices.csproj", "{B8CB14F0-A0F6-4707-9211-BF79D69140E9}"
EndProject
Project("{FAE04EC0-301F-11D3-BF4B-00C04F79EFBC}") = "AS.Data", "AS.Data\AS.Data.csproj", "{71DC16DD-3DD8-4B68-8584-02EAA990F230}"
EndProject
Project("{FAE04EC0-301F-11D3-BF4B-00C04F79EFBC}") = "AS.ApplicationServices", "AS.ApplicationServices\AS.ApplicationServices.csproj", "{58C6010F-C700-4B67-B5A4-EE186DC34B67}"
EndProject
Global
	GlobalSection(SolutionConfigurationPlatforms) = preSolution
		Debug|Any CPU = Debug|Any CPU
		Release|Any CPU = Release|Any CPU
	EndGlobalSection
	GlobalSection(ProjectConfigurationPlatforms) = postSolution
		{B8CB14F0-A0F6-4707-9211-BF79D69140E9}.Debug|Any CPU.ActiveCfg = Debug|Any CPU
		{B8CB14F0-A0F6-4707-9211-BF79D69140E9}.Debug|Any CPU.Build.0 = Debug|Any CPU
		{B8CB14F0-A0F6-4707-9211-BF79D69140E9}.Release|Any CPU.ActiveCfg = Release|Any CPU
		{B8CB14F0-A0F6-4707-9211-BF79D69140E9}.Release|Any CPU.Build.0 = Release|Any CPU
		{71DC16DD-3DD8-4B68-8584-02EAA990F230}.Debug|Any CPU.ActiveCfg = Debug|Any CPU
		{71DC16DD-3DD8-4B68-8584-02EAA990F230}.Debug|Any CPU.Build.0 = Debug|Any CPU
		{71DC16DD-3DD8-4B68-8584-02EAA990F230}.Release|Any CPU.ActiveCfg = Release|Any CPU
		{71DC16DD-3DD8-4B68-8584-02EAA990F230}.Release|Any CPU.Build.0 = Release|Any CPU
		{58C6010F-C700-4B67-B5A4-EE186DC34B67}.Debug|Any CPU.ActiveCfg = Debug|Any CPU
		{58C6010F-C700-4B67-B5A4-EE186DC34B67}.Debug|Any CPU.Build.0 = Debug|Any CPU
		{58C6010F-C700-4B67-B5A4-EE186DC34B67}.Release|Any CPU.ActiveCfg = Release|Any CPU
		{58C6010F-C700-4B67-B5A4-EE186DC34B67}.Release|Any CPU.Build.0 = Release|Any CPU
	EndGlobalSection
	GlobalSection(SolutionProperties) = preSolution
		HideSolutionNode = FALSE
	EndGlobalSection
	GlobalSection(ExtensibilityGlobals) = postSolution
		SolutionGuid = {0EBA9D19-7938-4B9F-A754-E747C8BBE2FB}
	EndGlobalSection
EndGlobal
